
Microsoft Visual Studio Solution File, Format Version 12.00
# Visual Studio 15
VisualStudioVersion = 15.0.27004.2002
MinimumVisualStudioVersion = 10.0.40219.1
Project("{FAE04EC0-301F-11D3-BF4B-00C04F79EFBC}") = "Chip8", "Chip8\Chip8.csproj", "{2E5C121B-E765-4A06-A971-7FC9CA454930}"
EndProject
Project("{FAE04EC0-301F-11D3-BF4B-00C04F79EFBC}") = "Chip8Test", "Chip8Test\Chip8Test.csproj", "{AC033771-86B8-478F-8D12-D97ECAD7A669}"
EndProject
Global
	GlobalSection(SolutionConfigurationPlatforms) = preSolution
		Debug|Any CPU = Debug|Any CPU
		Release|Any CPU = Release|Any CPU
	EndGlobalSection
	GlobalSection(ProjectConfigurationPlatforms) = postSolution
		{2E5C121B-E765-4A06-A971-7FC9CA454930}.Debug|Any CPU.ActiveCfg = Debug|Any CPU
		{2E5C121B-E765-4A06-A971-7FC9CA454930}.Debug|Any CPU.Build.0 = Debug|Any CPU
		{2E5C121B-E765-4A06-A971-7FC9CA454930}.Release|Any CPU.ActiveCfg = Release|Any CPU
		{2E5C121B-E765-4A06-A971-7FC9CA454930}.Release|Any CPU.Build.0 = Release|Any CPU
		{AC033771-86B8-478F-8D12-D97ECAD7A669}.Debug|Any CPU.ActiveCfg = Debug|Any CPU
		{AC033771-86B8-478F-8D12-D97ECAD7A669}.Debug|Any CPU.Build.0 = Debug|Any CPU
		{AC033771-86B8-478F-8D12-D97ECAD7A669}.Release|Any CPU.ActiveCfg = Release|Any CPU
		{AC033771-86B8-478F-8D12-D97ECAD7A669}.Release|Any CPU.Build.0 = Release|Any CPU
	EndGlobalSection
	GlobalSection(SolutionProperties) = preSolution
		HideSolutionNode = FALSE
	EndGlobalSection
	GlobalSection(ExtensibilityGlobals) = postSolution
		SolutionGuid = {BB15D555-2F74-4E7B-81CF-4777F04D50BA}
	EndGlobalSection
EndGlobal
